
Microsoft Visual Studio Solution File, Format Version 12.00
# Visual Studio 15
VisualStudioVersion = 15.0.27703.2042
MinimumVisualStudioVersion = 10.0.40219.1
Project("{9A19103F-16F7-4668-BE54-9A1E7A4F7556}") = "OrbintSoft.Yauaa.NetStandard", "OrbintSoft.Yauaa.NetStandard\OrbintSoft.Yauaa.NetStandard.csproj", "{7946B4BC-AF19-4D5D-8DA8-56858E674777}"
EndProject
Project("{9A19103F-16F7-4668-BE54-9A1E7A4F7556}") = "OrbintSoft.Yauaa.Benchmarking.NetCore", "OrbintSoft.Yauaa.NetCore.Benchmarks\OrbintSoft.Yauaa.Benchmarking.NetCore.csproj", "{E7B76514-DAEF-4406-ADF7-7C7427EC0B53}"
EndProject
Project("{9A19103F-16F7-4668-BE54-9A1E7A4F7556}") = "OrbintSoft.Yauaa.Testing.NetCore", "OrbintSoft.Yauaa.NetCore.Analyzer.Test\OrbintSoft.Yauaa.Testing.NetCore.csproj", "{F00F6CDE-E35F-4841-B056-C6FE8292CC38}"
EndProject
Global
	GlobalSection(SolutionConfigurationPlatforms) = preSolution
		Debug|Any CPU = Debug|Any CPU
		Release|Any CPU = Release|Any CPU
		Verbose|Any CPU = Verbose|Any CPU
	EndGlobalSection
	GlobalSection(ProjectConfigurationPlatforms) = postSolution
		{7946B4BC-AF19-4D5D-8DA8-56858E674777}.Debug|Any CPU.ActiveCfg = Debug|Any CPU
		{7946B4BC-AF19-4D5D-8DA8-56858E674777}.Debug|Any CPU.Build.0 = Debug|Any CPU
		{7946B4BC-AF19-4D5D-8DA8-56858E674777}.Release|Any CPU.ActiveCfg = Release|Any CPU
		{7946B4BC-AF19-4D5D-8DA8-56858E674777}.Release|Any CPU.Build.0 = Release|Any CPU
		{7946B4BC-AF19-4D5D-8DA8-56858E674777}.Verbose|Any CPU.ActiveCfg = Verbose|Any CPU
		{7946B4BC-AF19-4D5D-8DA8-56858E674777}.Verbose|Any CPU.Build.0 = Verbose|Any CPU
		{E7B76514-DAEF-4406-ADF7-7C7427EC0B53}.Debug|Any CPU.ActiveCfg = Debug|Any CPU
		{E7B76514-DAEF-4406-ADF7-7C7427EC0B53}.Debug|Any CPU.Build.0 = Debug|Any CPU
		{E7B76514-DAEF-4406-ADF7-7C7427EC0B53}.Release|Any CPU.ActiveCfg = Release|Any CPU
		{E7B76514-DAEF-4406-ADF7-7C7427EC0B53}.Release|Any CPU.Build.0 = Release|Any CPU
		{E7B76514-DAEF-4406-ADF7-7C7427EC0B53}.Verbose|Any CPU.ActiveCfg = Debug|Any CPU
		{E7B76514-DAEF-4406-ADF7-7C7427EC0B53}.Verbose|Any CPU.Build.0 = Debug|Any CPU
		{F00F6CDE-E35F-4841-B056-C6FE8292CC38}.Debug|Any CPU.ActiveCfg = Debug|Any CPU
		{F00F6CDE-E35F-4841-B056-C6FE8292CC38}.Debug|Any CPU.Build.0 = Debug|Any CPU
		{F00F6CDE-E35F-4841-B056-C6FE8292CC38}.Release|Any CPU.ActiveCfg = Release|Any CPU
		{F00F6CDE-E35F-4841-B056-C6FE8292CC38}.Release|Any CPU.Build.0 = Release|Any CPU
		{F00F6CDE-E35F-4841-B056-C6FE8292CC38}.Verbose|Any CPU.ActiveCfg = Verbose|Any CPU
		{F00F6CDE-E35F-4841-B056-C6FE8292CC38}.Verbose|Any CPU.Build.0 = Verbose|Any CPU
	EndGlobalSection
	GlobalSection(SolutionProperties) = preSolution
		HideSolutionNode = FALSE
	EndGlobalSection
	GlobalSection(ExtensibilityGlobals) = postSolution
		SolutionGuid = {2E9A304A-11FD-40AF-AA06-E33B196A39C9}
	EndGlobalSection
EndGlobal
